// !$*UTF8*$!
{
	archiveVersion = 1;
	classes = {
	};
	objectVersion = 50;
	objects = {

/* Begin PBXBuildFile section */
		B1F1D8B0218313CB0030F2A4 /* AppDelegate.swift in Sources */ = {isa = PBXBuildFile; fileRef = B1F1D8AF218313CB0030F2A4 /* AppDelegate.swift */; };
		B1F1D8B2218313CB0030F2A4 /* AirplaneTableViewController.swift in Sources */ = {isa = PBXBuildFile; fileRef = B1F1D8B1218313CB0030F2A4 /* AirplaneTableViewController.swift */; };
		B1F1D8B5218313CB0030F2A4 /* Main.storyboard in Resources */ = {isa = PBXBuildFile; fileRef = B1F1D8B3218313CB0030F2A4 /* Main.storyboard */; };
		B1F1D8B7218313CD0030F2A4 /* Assets.xcassets in Resources */ = {isa = PBXBuildFile; fileRef = B1F1D8B6218313CD0030F2A4 /* Assets.xcassets */; };
		B1F1D8BA218313CD0030F2A4 /* LaunchScreen.storyboard in Resources */ = {isa = PBXBuildFile; fileRef = B1F1D8B8218313CD0030F2A4 /* LaunchScreen.storyboard */; };
		B1F1D8C5218313CD0030F2A4 /* POCscrollviewTests.swift in Sources */ = {isa = PBXBuildFile; fileRef = B1F1D8C4218313CD0030F2A4 /* POCscrollviewTests.swift */; };
		B1F1D8D22184CE240030F2A4 /* AirplaneSeatingController.swift in Sources */ = {isa = PBXBuildFile; fileRef = B1F1D8D12184CE240030F2A4 /* AirplaneSeatingController.swift */; };
		B1F1D8D42184D7E70030F2A4 /* CustomSeatCell.swift in Sources */ = {isa = PBXBuildFile; fileRef = B1F1D8D32184D7E70030F2A4 /* CustomSeatCell.swift */; };
		B1F1D8D82185EF8C0030F2A4 /* SeatCell.swift in Sources */ = {isa = PBXBuildFile; fileRef = B1F1D8D72185EF8C0030F2A4 /* SeatCell.swift */; };
		B1F1D8DA2185F5670030F2A4 /* Seats.swift in Sources */ = {isa = PBXBuildFile; fileRef = B1F1D8D92185F5670030F2A4 /* Seats.swift */; };
/* End PBXBuildFile section */

/* Begin PBXContainerItemProxy section */
		B1F1D8C1218313CD0030F2A4 /* PBXContainerItemProxy */ = {
			isa = PBXContainerItemProxy;
			containerPortal = B1F1D8A4218313CB0030F2A4 /* Project object */;
			proxyType = 1;
			remoteGlobalIDString = B1F1D8AB218313CB0030F2A4;
			remoteInfo = POCscrollview;
		};
/* End PBXContainerItemProxy section */

/* Begin PBXFileReference section */
		B1F1D8AC218313CB0030F2A4 /* POCscrollview.app */ = {isa = PBXFileReference; explicitFileType = wrapper.application; includeInIndex = 0; path = POCscrollview.app; sourceTree = BUILT_PRODUCTS_DIR; };
		B1F1D8AF218313CB0030F2A4 /* AppDelegate.swift */ = {isa = PBXFileReference; lastKnownFileType = sourcecode.swift; path = AppDelegate.swift; sourceTree = "<group>"; };
		B1F1D8B1218313CB0030F2A4 /* AirplaneTableViewController.swift */ = {isa = PBXFileReference; lastKnownFileType = sourcecode.swift; path = AirplaneTableViewController.swift; sourceTree = "<group>"; };
		B1F1D8B4218313CB0030F2A4 /* Base */ = {isa = PBXFileReference; lastKnownFileType = file.storyboard; name = Base; path = Base.lproj/Main.storyboard; sourceTree = "<group>"; };
		B1F1D8B6218313CD0030F2A4 /* Assets.xcassets */ = {isa = PBXFileReference; lastKnownFileType = folder.assetcatalog; path = Assets.xcassets; sourceTree = "<group>"; };
		B1F1D8B9218313CD0030F2A4 /* Base */ = {isa = PBXFileReference; lastKnownFileType = file.storyboard; name = Base; path = Base.lproj/LaunchScreen.storyboard; sourceTree = "<group>"; };
		B1F1D8BB218313CD0030F2A4 /* Info.plist */ = {isa = PBXFileReference; lastKnownFileType = text.plist.xml; path = Info.plist; sourceTree = "<group>"; };
		B1F1D8C0218313CD0030F2A4 /* POCscrollviewTests.xctest */ = {isa = PBXFileReference; explicitFileType = wrapper.cfbundle; includeInIndex = 0; path = POCscrollviewTests.xctest; sourceTree = BUILT_PRODUCTS_DIR; };
		B1F1D8C4218313CD0030F2A4 /* POCscrollviewTests.swift */ = {isa = PBXFileReference; lastKnownFileType = sourcecode.swift; path = POCscrollviewTests.swift; sourceTree = "<group>"; };
		B1F1D8C6218313CD0030F2A4 /* Info.plist */ = {isa = PBXFileReference; lastKnownFileType = text.plist.xml; path = Info.plist; sourceTree = "<group>"; };
		B1F1D8D12184CE240030F2A4 /* AirplaneSeatingController.swift */ = {isa = PBXFileReference; lastKnownFileType = sourcecode.swift; path = AirplaneSeatingController.swift; sourceTree = "<group>"; };
		B1F1D8D32184D7E70030F2A4 /* CustomSeatCell.swift */ = {isa = PBXFileReference; lastKnownFileType = sourcecode.swift; path = CustomSeatCell.swift; sourceTree = "<group>"; };
		B1F1D8D72185EF8C0030F2A4 /* SeatCell.swift */ = {isa = PBXFileReference; lastKnownFileType = sourcecode.swift; path = SeatCell.swift; sourceTree = "<group>"; };
		B1F1D8D92185F5670030F2A4 /* Seats.swift */ = {isa = PBXFileReference; lastKnownFileType = sourcecode.swift; path = Seats.swift; sourceTree = "<group>"; };
/* End PBXFileReference section */

/* Begin PBXFrameworksBuildPhase section */
		B1F1D8A9218313CB0030F2A4 /* Frameworks */ = {
			isa = PBXFrameworksBuildPhase;
			buildActionMask = 2147483647;
			files = (
			);
			runOnlyForDeploymentPostprocessing = 0;
		};
		B1F1D8BD218313CD0030F2A4 /* Frameworks */ = {
			isa = PBXFrameworksBuildPhase;
			buildActionMask = 2147483647;
			files = (
			);
			runOnlyForDeploymentPostprocessing = 0;
		};
/* End PBXFrameworksBuildPhase section */

/* Begin PBXGroup section */
		B1F1D8A3218313CB0030F2A4 = {
			isa = PBXGroup;
			children = (
				B1F1D8AE218313CB0030F2A4 /* POCscrollview */,
				B1F1D8C3218313CD0030F2A4 /* POCscrollviewTests */,
				B1F1D8AD218313CB0030F2A4 /* Products */,
			);
			sourceTree = "<group>";
		};
		B1F1D8AD218313CB0030F2A4 /* Products */ = {
			isa = PBXGroup;
			children = (
				B1F1D8AC218313CB0030F2A4 /* POCscrollview.app */,
				B1F1D8C0218313CD0030F2A4 /* POCscrollviewTests.xctest */,
			);
			name = Products;
			sourceTree = "<group>";
		};
		B1F1D8AE218313CB0030F2A4 /* POCscrollview */ = {
			isa = PBXGroup;
			children = (
				B1F1D8D62185EF540030F2A4 /* Collection View */,
				B1F1D8D52185EF4B0030F2A4 /* Table View */,
				B1F1D8AF218313CB0030F2A4 /* AppDelegate.swift */,
				B1F1D8B3218313CB0030F2A4 /* Main.storyboard */,
				B1F1D8B6218313CD0030F2A4 /* Assets.xcassets */,
				B1F1D8B8218313CD0030F2A4 /* LaunchScreen.storyboard */,
				B1F1D8BB218313CD0030F2A4 /* Info.plist */,
			);
			path = POCscrollview;
			sourceTree = "<group>";
		};
		B1F1D8C3218313CD0030F2A4 /* POCscrollviewTests */ = {
			isa = PBXGroup;
			children = (
				B1F1D8C4218313CD0030F2A4 /* POCscrollviewTests.swift */,
				B1F1D8C6218313CD0030F2A4 /* Info.plist */,
			);
			path = POCscrollviewTests;
			sourceTree = "<group>";
		};
		B1F1D8D52185EF4B0030F2A4 /* Table View */ = {
			isa = PBXGroup;
			children = (
				B1F1D8B1218313CB0030F2A4 /* AirplaneTableViewController.swift */,
				B1F1D8D72185EF8C0030F2A4 /* SeatCell.swift */,
				B1F1D8D92185F5670030F2A4 /* Seats.swift */,
			);
			path = "Table View";
			sourceTree = "<group>";
		};
		B1F1D8D62185EF540030F2A4 /* Collection View */ = {
			isa = PBXGroup;
			children = (
				B1F1D8D12184CE240030F2A4 /* AirplaneSeatingController.swift */,
				B1F1D8D32184D7E70030F2A4 /* CustomSeatCell.swift */,
			);
			path = "Collection View";
			sourceTree = "<group>";
		};
/* End PBXGroup section */

/* Begin PBXNativeTarget section */
		B1F1D8AB218313CB0030F2A4 /* POCscrollview */ = {
			isa = PBXNativeTarget;
			buildConfigurationList = B1F1D8C9218313CD0030F2A4 /* Build configuration list for PBXNativeTarget "POCscrollview" */;
			buildPhases = (
				B1F1D8A8218313CB0030F2A4 /* Sources */,
				B1F1D8A9218313CB0030F2A4 /* Frameworks */,
				B1F1D8AA218313CB0030F2A4 /* Resources */,
			);
			buildRules = (
			);
			dependencies = (
			);
			name = POCscrollview;
			productName = POCscrollview;
			productReference = B1F1D8AC218313CB0030F2A4 /* POCscrollview.app */;
			productType = "com.apple.product-type.application";
		};
		B1F1D8BF218313CD0030F2A4 /* POCscrollviewTests */ = {
			isa = PBXNativeTarget;
			buildConfigurationList = B1F1D8CC218313CD0030F2A4 /* Build configuration list for PBXNativeTarget "POCscrollviewTests" */;
			buildPhases = (
				B1F1D8BC218313CD0030F2A4 /* Sources */,
				B1F1D8BD218313CD0030F2A4 /* Frameworks */,
				B1F1D8BE218313CD0030F2A4 /* Resources */,
			);
			buildRules = (
			);
			dependencies = (
				B1F1D8C2218313CD0030F2A4 /* PBXTargetDependency */,
			);
			name = POCscrollviewTests;
			productName = POCscrollviewTests;
			productReference = B1F1D8C0218313CD0030F2A4 /* POCscrollviewTests.xctest */;
			productType = "com.apple.product-type.bundle.unit-test";
		};
/* End PBXNativeTarget section */

/* Begin PBXProject section */
		B1F1D8A4218313CB0030F2A4 /* Project object */ = {
			isa = PBXProject;
			attributes = {
				LastSwiftUpdateCheck = 1000;
				LastUpgradeCheck = 1000;
				ORGANIZATIONNAME = VictorLee;
				TargetAttributes = {
					B1F1D8AB218313CB0030F2A4 = {
						CreatedOnToolsVersion = 10.0;
					};
					B1F1D8BF218313CD0030F2A4 = {
						CreatedOnToolsVersion = 10.0;
						TestTargetID = B1F1D8AB218313CB0030F2A4;
					};
				};
			};
			buildConfigurationList = B1F1D8A7218313CB0030F2A4 /* Build configuration list for PBXProject "POCscrollview" */;
			compatibilityVersion = "Xcode 9.3";
			developmentRegion = en;
			hasScannedForEncodings = 0;
			knownRegions = (
				en,
				Base,
			);
			mainGroup = B1F1D8A3218313CB0030F2A4;
			productRefGroup = B1F1D8AD218313CB0030F2A4 /* Products */;
			projectDirPath = "";
			projectRoot = "";
			targets = (
				B1F1D8AB218313CB0030F2A4 /* POCscrollview */,
				B1F1D8BF218313CD0030F2A4 /* POCscrollviewTests */,
			);
		};
/* End PBXProject section */

/* Begin PBXResourcesBuildPhase section */
		B1F1D8AA218313CB0030F2A4 /* Resources */ = {
			isa = PBXResourcesBuildPhase;
			buildActionMask = 2147483647;
			files = (
				B1F1D8BA218313CD0030F2A4 /* LaunchScreen.storyboard in Resources */,
				B1F1D8B7218313CD0030F2A4 /* Assets.xcassets in Resources */,
				B1F1D8B5218313CB0030F2A4 /* Main.storyboard in Resources */,
			);
			runOnlyForDeploymentPostprocessing = 0;
		};
		B1F1D8BE218313CD0030F2A4 /* Resources */ = {
			isa = PBXResourcesBuildPhase;
			buildActionMask = 2147483647;
			files = (
			);
			runOnlyForDeploymentPostprocessing = 0;
		};
/* End PBXResourcesBuildPhase section */

/* Begin PBXSourcesBuildPhase section */
		B1F1D8A8218313CB0030F2A4 /* Sources */ = {
			isa = PBXSourcesBuildPhase;
			buildActionMask = 2147483647;
			files = (
				B1F1D8DA2185F5670030F2A4 /* Seats.swift in Sources */,
				B1F1D8D22184CE240030F2A4 /* AirplaneSeatingController.swift in Sources */,
				B1F1D8B2218313CB0030F2A4 /* AirplaneTableViewController.swift in Sources */,
				B1F1D8B0218313CB0030F2A4 /* AppDelegate.swift in Sources */,
				B1F1D8D42184D7E70030F2A4 /* CustomSeatCell.swift in Sources */,
				B1F1D8D82185EF8C0030F2A4 /* SeatCell.swift in Sources */,
			);
			runOnlyForDeploymentPostprocessing = 0;
		};
		B1F1D8BC218313CD0030F2A4 /* Sources */ = {
			isa = PBXSourcesBuildPhase;
			buildActionMask = 2147483647;
			files = (
				B1F1D8C5218313CD0030F2A4 /* POCscrollviewTests.swift in Sources */,
			);
			runOnlyForDeploymentPostprocessing = 0;
		};
/* End PBXSourcesBuildPhase section */

/* Begin PBXTargetDependency section */
		B1F1D8C2218313CD0030F2A4 /* PBXTargetDependency */ = {
			isa = PBXTargetDependency;
			target = B1F1D8AB218313CB0030F2A4 /* POCscrollview */;
			targetProxy = B1F1D8C1218313CD0030F2A4 /* PBXContainerItemProxy */;
		};
/* End PBXTargetDependency section */

/* Begin PBXVariantGroup section */
		B1F1D8B3218313CB0030F2A4 /* Main.storyboard */ = {
			isa = PBXVariantGroup;
			children = (
				B1F1D8B4218313CB0030F2A4 /* Base */,
			);
			name = Main.storyboard;
			sourceTree = "<group>";
		};
		B1F1D8B8218313CD0030F2A4 /* LaunchScreen.storyboard */ = {
			isa = PBXVariantGroup;
			children = (
				B1F1D8B9218313CD0030F2A4 /* Base */,
			);
			name = LaunchScreen.storyboard;
			sourceTree = "<group>";
		};
/* End PBXVariantGroup section */

/* Begin XCBuildConfiguration section */
		B1F1D8C7218313CD0030F2A4 /* Debug */ = {
			isa = XCBuildConfiguration;
			buildSettings = {
				ALWAYS_SEARCH_USER_PATHS = NO;
				CLANG_ANALYZER_NONNULL = YES;
				CLANG_ANALYZER_NUMBER_OBJECT_CONVERSION = YES_AGGRESSIVE;
				CLANG_CXX_LANGUAGE_STANDARD = "gnu++14";
				CLANG_CXX_LIBRARY = "libc++";
				CLANG_ENABLE_MODULES = YES;
				CLANG_ENABLE_OBJC_ARC = YES;
				CLANG_ENABLE_OBJC_WEAK = YES;
				CLANG_WARN_BLOCK_CAPTURE_AUTORELEASING = YES;
				CLANG_WARN_BOOL_CONVERSION = YES;
				CLANG_WARN_COMMA = YES;
				CLANG_WARN_CONSTANT_CONVERSION = YES;
				CLANG_WARN_DEPRECATED_OBJC_IMPLEMENTATIONS = YES;
				CLANG_WARN_DIRECT_OBJC_ISA_USAGE = YES_ERROR;
				CLANG_WARN_DOCUMENTATION_COMMENTS = YES;
				CLANG_WARN_EMPTY_BODY = YES;
				CLANG_WARN_ENUM_CONVERSION = YES;
				CLANG_WARN_INFINITE_RECURSION = YES;
				CLANG_WARN_INT_CONVERSION = YES;
				CLANG_WARN_NON_LITERAL_NULL_CONVERSION = YES;
				CLANG_WARN_OBJC_IMPLICIT_RETAIN_SELF = YES;
				CLANG_WARN_OBJC_LITERAL_CONVERSION = YES;
				CLANG_WARN_OBJC_ROOT_CLASS = YES_ERROR;
				CLANG_WARN_RANGE_LOOP_ANALYSIS = YES;
				CLANG_WARN_STRICT_PROTOTYPES = YES;
				CLANG_WARN_SUSPICIOUS_MOVE = YES;
				CLANG_WARN_UNGUARDED_AVAILABILITY = YES_AGGRESSIVE;
				CLANG_WARN_UNREACHABLE_CODE = YES;
				CLANG_WARN__DUPLICATE_METHOD_MATCH = YES;
				CODE_SIGN_IDENTITY = "iPhone Developer";
				COPY_PHASE_STRIP = NO;
				DEBUG_INFORMATION_FORMAT = dwarf;
				ENABLE_STRICT_OBJC_MSGSEND = YES;
				ENABLE_TESTABILITY = YES;
				GCC_C_LANGUAGE_STANDARD = gnu11;
				GCC_DYNAMIC_NO_PIC = NO;
				GCC_NO_COMMON_BLOCKS = YES;
				GCC_OPTIMIZATION_LEVEL = 0;
				GCC_PREPROCESSOR_DEFINITIONS = (
					"DEBUG=1",
					"$(inherited)",
				);
				GCC_WARN_64_TO_32_BIT_CONVERSION = YES;
				GCC_WARN_ABOUT_RETURN_TYPE = YES_ERROR;
				GCC_WARN_UNDECLARED_SELECTOR = YES;
				GCC_WARN_UNINITIALIZED_AUTOS = YES_AGGRESSIVE;
				GCC_WARN_UNUSED_FUNCTION = YES;
				GCC_WARN_UNUSED_VARIABLE = YES;
				IPHONEOS_DEPLOYMENT_TARGET = 12.0;
				MTL_ENABLE_DEBUG_INFO = INCLUDE_SOURCE;
				MTL_FAST_MATH = YES;
				ONLY_ACTIVE_ARCH = YES;
				SDKROOT = iphoneos;
				SWIFT_ACTIVE_COMPILATION_CONDITIONS = DEBUG;
				SWIFT_OPTIMIZATION_LEVEL = "-Onone";
			};
			name = Debug;
		};
		B1F1D8C8218313CD0030F2A4 /* Release */ = {
			isa = XCBuildConfiguration;
			buildSettings = {
				ALWAYS_SEARCH_USER_PATHS = NO;
				CLANG_ANALYZER_NONNULL = YES;
				CLANG_ANALYZER_NUMBER_OBJECT_CONVERSION = YES_AGGRESSIVE;
				CLANG_CXX_LANGUAGE_STANDARD = "gnu++14";
				CLANG_CXX_LIBRARY = "libc++";
				CLANG_ENABLE_MODULES = YES;
				CLANG_ENABLE_OBJC_ARC = YES;
				CLANG_ENABLE_OBJC_WEAK = YES;
				CLANG_WARN_BLOCK_CAPTURE_AUTORELEASING = YES;
				CLANG_WARN_BOOL_CONVERSION = YES;
				CLANG_WARN_COMMA = YES;
				CLANG_WARN_CONSTANT_CONVERSION = YES;
				CLANG_WARN_DEPRECATED_OBJC_IMPLEMENTATIONS = YES;
				CLANG_WARN_DIRECT_OBJC_ISA_USAGE = YES_ERROR;
				CLANG_WARN_DOCUMENTATION_COMMENTS = YES;
				CLANG_WARN_EMPTY_BODY = YES;
				CLANG_WARN_ENUM_CONVERSION = YES;
				CLANG_WARN_INFINITE_RECURSION = YES;
				CLANG_WARN_INT_CONVERSION = YES;
				CLANG_WARN_NON_LITERAL_NULL_CONVERSION = YES;
				CLANG_WARN_OBJC_IMPLICIT_RETAIN_SELF = YES;
				CLANG_WARN_OBJC_LITERAL_CONVERSION = YES;
				CLANG_WARN_OBJC_ROOT_CLASS = YES_ERROR;
				CLANG_WARN_RANGE_LOOP_ANALYSIS = YES;
				CLANG_WARN_STRICT_PROTOTYPES = YES;
				CLANG_WARN_SUSPICIOUS_MOVE = YES;
				CLANG_WARN_UNGUARDED_AVAILABILITY = YES_AGGRESSIVE;
				CLANG_WARN_UNREACHABLE_CODE = YES;
				CLANG_WARN__DUPLICATE_METHOD_MATCH = YES;
				CODE_SIGN_IDENTITY = "iPhone Developer";
				COPY_PHASE_STRIP = NO;
				DEBUG_INFORMATION_FORMAT = "dwarf-with-dsym";
				ENABLE_NS_ASSERTIONS = NO;
				ENABLE_STRICT_OBJC_MSGSEND = YES;
				GCC_C_LANGUAGE_STANDARD = gnu11;
				GCC_NO_COMMON_BLOCKS = YES;
				GCC_WARN_64_TO_32_BIT_CONVERSION = YES;
				GCC_WARN_ABOUT_RETURN_TYPE = YES_ERROR;
				GCC_WARN_UNDECLARED_SELECTOR = YES;
				GCC_WARN_UNINITIALIZED_AUTOS = YES_AGGRESSIVE;
				GCC_WARN_UNUSED_FUNCTION = YES;
				GCC_WARN_UNUSED_VARIABLE = YES;
				IPHONEOS_DEPLOYMENT_TARGET = 12.0;
				MTL_ENABLE_DEBUG_INFO = NO;
				MTL_FAST_MATH = YES;
				SDKROOT = iphoneos;
				SWIFT_COMPILATION_MODE = wholemodule;
				SWIFT_OPTIMIZATION_LEVEL = "-O";
				VALIDATE_PRODUCT = YES;
			};
			name = Release;
		};
		B1F1D8CA218313CD0030F2A4 /* Debug */ = {
			isa = XCBuildConfiguration;
			buildSettings = {
				ASSETCATALOG_COMPILER_APPICON_NAME = AppIcon;
				CODE_SIGN_STYLE = Automatic;
				DEVELOPMENT_TEAM = E26925RH2T;
				INFOPLIST_FILE = POCscrollview/Info.plist;
				LD_RUNPATH_SEARCH_PATHS = (
					"$(inherited)",
					"@executable_path/Frameworks",
				);
				PRODUCT_BUNDLE_IDENTIFIER = com.VictorLee.POCscrollview;
				PRODUCT_NAME = "$(TARGET_NAME)";
				SWIFT_VERSION = 4.2;
				TARGETED_DEVICE_FAMILY = "1,2";
			};
			name = Debug;
		};
		B1F1D8CB218313CD0030F2A4 /* Release */ = {
			isa = XCBuildConfiguration;
			buildSettings = {
				ASSETCATALOG_COMPILER_APPICON_NAME = AppIcon;
				CODE_SIGN_STYLE = Automatic;
				DEVELOPMENT_TEAM = E26925RH2T;
				INFOPLIST_FILE = POCscrollview/Info.plist;
				LD_RUNPATH_SEARCH_PATHS = (
					"$(inherited)",
					"@executable_path/Frameworks",
				);
				PRODUCT_BUNDLE_IDENTIFIER = com.VictorLee.POCscrollview;
				PRODUCT_NAME = "$(TARGET_NAME)";
				SWIFT_VERSION = 4.2;
				TARGETED_DEVICE_FAMILY = "1,2";
			};
			name = Release;
		};
		B1F1D8CD218313CD0030F2A4 /* Debug */ = {
			isa = XCBuildConfiguration;
			buildSettings = {
				ALWAYS_EMBED_SWIFT_STANDARD_LIBRARIES = YES;
				BUNDLE_LOADER = "$(TEST_HOST)";
				CODE_SIGN_STYLE = Automatic;
				DEVELOPMENT_TEAM = E26925RH2T;
				INFOPLIST_FILE = POCscrollviewTests/Info.plist;
				LD_RUNPATH_SEARCH_PATHS = (
					"$(inherited)",
					"@executable_path/Frameworks",
					"@loader_path/Frameworks",
				);
				PRODUCT_BUNDLE_IDENTIFIER = com.VictorLee.POCscrollviewTests;
				PRODUCT_NAME = "$(TARGET_NAME)";
				SWIFT_VERSION = 4.2;
				TARGETED_DEVICE_FAMILY = "1,2";
				TEST_HOST = "$(BUILT_PRODUCTS_DIR)/POCscrollview.app/POCscrollview";
			};
			name = Debug;
		};
		B1F1D8CE218313CD0030F2A4 /* Release */ = {
			isa = XCBuildConfiguration;
			buildSettings = {
				ALWAYS_EMBED_SWIFT_STANDARD_LIBRARIES = YES;
				BUNDLE_LOADER = "$(TEST_HOST)";
				CODE_SIGN_STYLE = Automatic;
				DEVELOPMENT_TEAM = E26925RH2T;
				INFOPLIST_FILE = POCscrollviewTests/Info.plist;
				LD_RUNPATH_SEARCH_PATHS = (
					"$(inherited)",
					"@executable_path/Frameworks",
					"@loader_path/Frameworks",
				);
				PRODUCT_BUNDLE_IDENTIFIER = com.VictorLee.POCscrollviewTests;
				PRODUCT_NAME = "$(TARGET_NAME)";
				SWIFT_VERSION = 4.2;
				TARGETED_DEVICE_FAMILY = "1,2";
				TEST_HOST = "$(BUILT_PRODUCTS_DIR)/POCscrollview.app/POCscrollview";
			};
			name = Release;
		};
/* End XCBuildConfiguration section */

/* Begin XCConfigurationList section */
		B1F1D8A7218313CB0030F2A4 /* Build configuration list for PBXProject "POCscrollview" */ = {
			isa = XCConfigurationList;
			buildConfigurations = (
				B1F1D8C7218313CD0030F2A4 /* Debug */,
				B1F1D8C8218313CD0030F2A4 /* Release */,
			);
			defaultConfigurationIsVisible = 0;
			defaultConfigurationName = Release;
		};
		B1F1D8C9218313CD0030F2A4 /* Build configuration list for PBXNativeTarget "POCscrollview" */ = {
			isa = XCConfigurationList;
			buildConfigurations = (
				B1F1D8CA218313CD0030F2A4 /* Debug */,
				B1F1D8CB218313CD0030F2A4 /* Release */,
			);
			defaultConfigurationIsVisible = 0;
			defaultConfigurationName = Release;
		};
		B1F1D8CC218313CD0030F2A4 /* Build configuration list for PBXNativeTarget "POCscrollviewTests" */ = {
			isa = XCConfigurationList;
			buildConfigurations = (
				B1F1D8CD218313CD0030F2A4 /* Debug */,
				B1F1D8CE218313CD0030F2A4 /* Release */,
			);
			defaultConfigurationIsVisible = 0;
			defaultConfigurationName = Release;
		};
/* End XCConfigurationList section */
	};
	rootObject = B1F1D8A4218313CB0030F2A4 /* Project object */;
}
